
Microsoft Visual Studio Solution File, Format Version 12.00
# Visual Studio Version 17
VisualStudioVersion = 17.12.35514.174
MinimumVisualStudioVersion = 10.0.40219.1
Project("{2150E333-8FDC-42A3-9474-1A3956D46DE8}") = "Task0", "Task0", "{4152B3C2-A0E7-4B88-AD44-71475FDE6971}"
EndProject
Project("{FAE04EC0-301F-11D3-BF4B-00C04F79EFBC}") = "Tyuiu.BushlyaYaV.Sprint6.Task0.V28.Lib", "Tyuiu.BushlyaYaV.Sprint6.Task0.V28.Lib\Tyuiu.BushlyaYaV.Sprint6.Task0.V28.Lib.csproj", "{8F2A182C-4DAD-49AC-A3A6-3A6C9AFFCA86}"
EndProject
Project("{FAE04EC0-301F-11D3-BF4B-00C04F79EFBC}") = "Tyuiu.BushlyaYaV.Sprint6.Task0.V28.Test", "Tyuiu.BushlyaYaV.Sprint6.Task0.V28.Test\Tyuiu.BushlyaYaV.Sprint6.Task0.V28.Test.csproj", "{17B68D50-74C4-4778-B023-505038E8FD8F}"
EndProject
Project("{FAE04EC0-301F-11D3-BF4B-00C04F79EFBC}") = "Tyuiu.BushlyaYaV.Sprint6.Task0.V28", "Tyuiu.BushlyaYaV.Sprint6.Task0.V28\Tyuiu.BushlyaYaV.Sprint6.Task0.V28.csproj", "{AF1652F3-6739-4E0E-B110-5F8CDA524E67}"
EndProject
Global
	GlobalSection(SolutionConfigurationPlatforms) = preSolution
		Debug|Any CPU = Debug|Any CPU
		Release|Any CPU = Release|Any CPU
	EndGlobalSection
	GlobalSection(ProjectConfigurationPlatforms) = postSolution
		{8F2A182C-4DAD-49AC-A3A6-3A6C9AFFCA86}.Debug|Any CPU.ActiveCfg = Debug|Any CPU
		{8F2A182C-4DAD-49AC-A3A6-3A6C9AFFCA86}.Debug|Any CPU.Build.0 = Debug|Any CPU
		{8F2A182C-4DAD-49AC-A3A6-3A6C9AFFCA86}.Release|Any CPU.ActiveCfg = Release|Any CPU
		{8F2A182C-4DAD-49AC-A3A6-3A6C9AFFCA86}.Release|Any CPU.Build.0 = Release|Any CPU
		{17B68D50-74C4-4778-B023-505038E8FD8F}.Debug|Any CPU.ActiveCfg = Debug|Any CPU
		{17B68D50-74C4-4778-B023-505038E8FD8F}.Debug|Any CPU.Build.0 = Debug|Any CPU
		{17B68D50-74C4-4778-B023-505038E8FD8F}.Release|Any CPU.ActiveCfg = Release|Any CPU
		{17B68D50-74C4-4778-B023-505038E8FD8F}.Release|Any CPU.Build.0 = Release|Any CPU
		{AF1652F3-6739-4E0E-B110-5F8CDA524E67}.Debug|Any CPU.ActiveCfg = Debug|Any CPU
		{AF1652F3-6739-4E0E-B110-5F8CDA524E67}.Debug|Any CPU.Build.0 = Debug|Any CPU
		{AF1652F3-6739-4E0E-B110-5F8CDA524E67}.Release|Any CPU.ActiveCfg = Release|Any CPU
		{AF1652F3-6739-4E0E-B110-5F8CDA524E67}.Release|Any CPU.Build.0 = Release|Any CPU
	EndGlobalSection
	GlobalSection(SolutionProperties) = preSolution
		HideSolutionNode = FALSE
	EndGlobalSection
	GlobalSection(NestedProjects) = preSolution
		{8F2A182C-4DAD-49AC-A3A6-3A6C9AFFCA86} = {4152B3C2-A0E7-4B88-AD44-71475FDE6971}
		{17B68D50-74C4-4778-B023-505038E8FD8F} = {4152B3C2-A0E7-4B88-AD44-71475FDE6971}
		{AF1652F3-6739-4E0E-B110-5F8CDA524E67} = {4152B3C2-A0E7-4B88-AD44-71475FDE6971}
	EndGlobalSection
EndGlobal
