
Microsoft Visual Studio Solution File, Format Version 12.00
# Visual Studio Version 17
VisualStudioVersion = 17.12.35514.174
MinimumVisualStudioVersion = 10.0.40219.1
Project("{2150E333-8FDC-42A3-9474-1A3956D46DE8}") = "Task0", "Task0", "{4152B3C2-A0E7-4B88-AD44-71475FDE6971}"
EndProject
Project("{FAE04EC0-301F-11D3-BF4B-00C04F79EFBC}") = "Tyuiu.BushlyaYaV.Sprint6.Task0.V28.Lib", "Tyuiu.BushlyaYaV.Sprint6.Task0.V28.Lib\Tyuiu.BushlyaYaV.Sprint6.Task0.V28.Lib.csproj", "{8F2A182C-4DAD-49AC-A3A6-3A6C9AFFCA86}"
EndProject
Project("{FAE04EC0-301F-11D3-BF4B-00C04F79EFBC}") = "Tyuiu.BushlyaYaV.Sprint6.Task0.V28.Test", "Tyuiu.BushlyaYaV.Sprint6.Task0.V28.Test\Tyuiu.BushlyaYaV.Sprint6.Task0.V28.Test.csproj", "{17B68D50-74C4-4778-B023-505038E8FD8F}"
EndProject
Project("{FAE04EC0-301F-11D3-BF4B-00C04F79EFBC}") = "Tyuiu.BushlyaYaV.Sprint6.Task0.V28", "Tyuiu.BushlyaYaV.Sprint6.Task0.V28\Tyuiu.BushlyaYaV.Sprint6.Task0.V28.csproj", "{AF1652F3-6739-4E0E-B110-5F8CDA524E67}"
EndProject
Project("{2150E333-8FDC-42A3-9474-1A3956D46DE8}") = "Task1", "Task1", "{29F7B99D-FDE5-4905-B493-B3ED54095ECA}"
EndProject
Project("{FAE04EC0-301F-11D3-BF4B-00C04F79EFBC}") = "Tyuiu.BushlyaYaV.Sprint6.Task1.V7.Lib", "Tyuiu.BushlyaYaV.Sprint6.Task1.V7.Lib\Tyuiu.BushlyaYaV.Sprint6.Task1.V7.Lib.csproj", "{61DCF86D-1B64-4953-8CC0-EF0C2E738695}"
EndProject
Project("{FAE04EC0-301F-11D3-BF4B-00C04F79EFBC}") = "Tyuiu.BushlyaYaV.Sprint6.Task1.V7.Test", "Tyuiu.BushlyaYaV.Sprint6.Task1.V7.Test\Tyuiu.BushlyaYaV.Sprint6.Task1.V7.Test.csproj", "{CAD28E58-A7CE-4833-8729-4088C3EC7E0D}"
EndProject
Project("{FAE04EC0-301F-11D3-BF4B-00C04F79EFBC}") = "Tyuiu.BushlyaYaV.Sprint6.Task1.V7", "Tyuiu.BushlyaYaV.Sprint6.Task1.V7\Tyuiu.BushlyaYaV.Sprint6.Task1.V7.csproj", "{3AD7BFBC-03EC-4DB8-ADFE-1F2473268E93}"
EndProject
Project("{2150E333-8FDC-42A3-9474-1A3956D46DE8}") = "Task2", "Task2", "{5371DFB7-00ED-44B0-AB8F-0ADC617A86CD}"
EndProject
Project("{FAE04EC0-301F-11D3-BF4B-00C04F79EFBC}") = "Tyuiu.BushlyaYaV.Sprint6.Task2.V13.Lib", "Tyuiu.BushlyaYaV.Sprint6.Task2.V13.Lib\Tyuiu.BushlyaYaV.Sprint6.Task2.V13.Lib.csproj", "{C2625F74-2B4C-44D9-B30A-59EEEB7E5A60}"
EndProject
Project("{FAE04EC0-301F-11D3-BF4B-00C04F79EFBC}") = "Tyuiu.BushlyaYaV.Sprint6.Task2.V13.Test", "Tyuiu.BushlyaYaV.Sprint6.Task2.V13.Test\Tyuiu.BushlyaYaV.Sprint6.Task2.V13.Test.csproj", "{ACB2D532-5A6D-4D71-B292-59068C5E68EB}"
EndProject
Project("{FAE04EC0-301F-11D3-BF4B-00C04F79EFBC}") = "Tyuiu.BushlyaYaV.Sprint6.Task2.V13", "Tyuiu.BushlyaYaV.Sprint6.Task2.V13\Tyuiu.BushlyaYaV.Sprint6.Task2.V13.csproj", "{65B85532-C7BF-4196-BDEF-9FBDAB11328D}"
EndProject
Project("{2150E333-8FDC-42A3-9474-1A3956D46DE8}") = "Task3", "Task3", "{5399583B-0EEB-4B71-892C-9CA158C8D9FB}"
EndProject
Project("{FAE04EC0-301F-11D3-BF4B-00C04F79EFBC}") = "Tyuiu.BushlyaYaV.Sprint6.Task3.V13", "Tyuiu.BushlyaYaV.Sprint6.Task3.V13\Tyuiu.BushlyaYaV.Sprint6.Task3.V13.csproj", "{AB54D4A8-8122-41E2-BE5C-BDE97585D487}"
EndProject
Project("{FAE04EC0-301F-11D3-BF4B-00C04F79EFBC}") = "Tyuiu.BushlyaYaV.Sprint6.Task3.V13.Lib", "Tyuiu.BushlyaYaV.Sprint6.Task3.V13.Lib\Tyuiu.BushlyaYaV.Sprint6.Task3.V13.Lib.csproj", "{63EBE091-2DF7-4E3C-B585-E3E24A5FCBEC}"
EndProject
Project("{FAE04EC0-301F-11D3-BF4B-00C04F79EFBC}") = "Tyuiu.BushlyaYaV.Sprint6.Task3.V13.Test", "Tyuiu.BushlyaYaV.Sprint6.Task3.V13.Test\Tyuiu.BushlyaYaV.Sprint6.Task3.V13.Test.csproj", "{54CE6D6E-63A5-4C65-861E-2C8BF9443B33}"
EndProject
Project("{2150E333-8FDC-42A3-9474-1A3956D46DE8}") = "Task4", "Task4", "{21FF38C8-573C-446D-86DF-CE06ACD86BFB}"
EndProject
Project("{FAE04EC0-301F-11D3-BF4B-00C04F79EFBC}") = "Tyuiu.BushlyaYaV.Sprint6.Task4.V3", "Tyuiu.BushlyaYaV.Sprint6.Task4.V3\Tyuiu.BushlyaYaV.Sprint6.Task4.V3.csproj", "{84EF3A4F-3CBC-4227-B127-318337E5EDD8}"
EndProject
Project("{FAE04EC0-301F-11D3-BF4B-00C04F79EFBC}") = "Tyuiu.BushlyaYaV.Sprint6.Task4.V3.Lib", "Tyuiu.BushlyaYaV.Sprint6.Task4.V3.Lib\Tyuiu.BushlyaYaV.Sprint6.Task4.V3.Lib.csproj", "{BBC8F598-E1EE-4019-A9AD-B06A974DCCEB}"
EndProject
Project("{FAE04EC0-301F-11D3-BF4B-00C04F79EFBC}") = "Tyuiu.BushlyaYaV.Sprint6.Task4.V3.Test", "Tyuiu.BushlyaYaV.Sprint6.Task4.V3.Test\Tyuiu.BushlyaYaV.Sprint6.Task4.V3.Test.csproj", "{801C256D-22E0-4FEB-B1CF-EAD3B6BCD097}"
EndProject
Project("{2150E333-8FDC-42A3-9474-1A3956D46DE8}") = "Task5", "Task5", "{441DF7B5-9584-4B30-A9B0-11E46DCF8AF2}"
EndProject
Project("{FAE04EC0-301F-11D3-BF4B-00C04F79EFBC}") = "Tyuiu.BushlyaYaV.Sprint6.Task5.V16.Lib", "Tyuiu.BushlyaYaV.Sprint6.Task5.V16.Lib\Tyuiu.BushlyaYaV.Sprint6.Task5.V16.Lib.csproj", "{1B26FE7B-F52E-445C-8049-0E9B7786FA76}"
EndProject
Project("{FAE04EC0-301F-11D3-BF4B-00C04F79EFBC}") = "Tyuiu.BushlyaYaV.Sprint6.Task5.V16.Test", "Tyuiu.BushlyaYaV.Sprint6.Task5.V16.Test\Tyuiu.BushlyaYaV.Sprint6.Task5.V16.Test.csproj", "{9F0AD6C6-81AD-44C0-B602-4ADECC165006}"
EndProject
Project("{FAE04EC0-301F-11D3-BF4B-00C04F79EFBC}") = "Tyuiu.BushlyaYaV.Sprint6.Task5.V16", "Tyuiu.BushlyaYaV.Sprint6.Task5.V16\Tyuiu.BushlyaYaV.Sprint6.Task5.V16.csproj", "{018B1A3E-78C3-411F-A794-11DFAD3CEDCC}"
EndProject
Project("{2150E333-8FDC-42A3-9474-1A3956D46DE8}") = "Task6", "Task6", "{B87B442B-AD7B-4E04-BC54-8CF22AF5B36B}"
EndProject
Project("{FAE04EC0-301F-11D3-BF4B-00C04F79EFBC}") = "Tyuiu.BushlyaYaV.Sprint6.Task6.V8", "Tyuiu.BushlyaYaV.Sprint6.Task6.V8\Tyuiu.BushlyaYaV.Sprint6.Task6.V8.csproj", "{1ABB1D95-61E9-4BA4-966C-BB5A30CA995F}"
EndProject
Project("{FAE04EC0-301F-11D3-BF4B-00C04F79EFBC}") = "Tyuiu.BushlyaYaV.Sprint6.Task6.V8.Lib", "Tyuiu.BushlyaYaV.Sprint6.Task6.V8.Lib\Tyuiu.BushlyaYaV.Sprint6.Task6.V8.Lib.csproj", "{C48BBAF3-C845-4704-84AE-9254202F653E}"
EndProject
Project("{FAE04EC0-301F-11D3-BF4B-00C04F79EFBC}") = "Tyuiu.BushlyaYaV.Sprint6.Task6.V8.Test", "Tyuiu.BushlyaYaV.Sprint6.Task6.V8.Test\Tyuiu.BushlyaYaV.Sprint6.Task6.V8.Test.csproj", "{7043DBE7-F0A9-4D0F-BC5B-1A990BF184E5}"
EndProject
Project("{2150E333-8FDC-42A3-9474-1A3956D46DE8}") = "Task7", "Task7", "{84313B31-8FE2-492F-A145-976BF31A990D}"
EndProject
Project("{FAE04EC0-301F-11D3-BF4B-00C04F79EFBC}") = "Tyuiu.BushlyaYaV.Sprint6.Task7.V29.Lib", "Tyuiu.BushlyaYaV.Sprint6.Task7.V29.Lib\Tyuiu.BushlyaYaV.Sprint6.Task7.V29.Lib.csproj", "{31F74F03-5F50-4596-84A5-493D1B445C8C}"
EndProject
Project("{FAE04EC0-301F-11D3-BF4B-00C04F79EFBC}") = "Tyuiu.BushlyaYaV.Sprint6.Task7.V29.Test", "Tyuiu.BushlyaYaV.Sprint6.Task7.V29.Test\Tyuiu.BushlyaYaV.Sprint6.Task7.V29.Test.csproj", "{E9607CA0-1361-4F94-9F1D-8808066125B9}"
EndProject
Project("{FAE04EC0-301F-11D3-BF4B-00C04F79EFBC}") = "Tyuiu.BushlyaYaV.Sprint6.Task7.V29", "Tyuiu.BushlyaYaV.Sprint6.Task7.V29\Tyuiu.BushlyaYaV.Sprint6.Task7.V29.csproj", "{72A0E172-D259-459C-9B77-5273BCC8E4B9}"
EndProject
Global
	GlobalSection(SolutionConfigurationPlatforms) = preSolution
		Debug|Any CPU = Debug|Any CPU
		Release|Any CPU = Release|Any CPU
	EndGlobalSection
	GlobalSection(ProjectConfigurationPlatforms) = postSolution
		{8F2A182C-4DAD-49AC-A3A6-3A6C9AFFCA86}.Debug|Any CPU.ActiveCfg = Debug|Any CPU
		{8F2A182C-4DAD-49AC-A3A6-3A6C9AFFCA86}.Debug|Any CPU.Build.0 = Debug|Any CPU
		{8F2A182C-4DAD-49AC-A3A6-3A6C9AFFCA86}.Release|Any CPU.ActiveCfg = Release|Any CPU
		{8F2A182C-4DAD-49AC-A3A6-3A6C9AFFCA86}.Release|Any CPU.Build.0 = Release|Any CPU
		{17B68D50-74C4-4778-B023-505038E8FD8F}.Debug|Any CPU.ActiveCfg = Debug|Any CPU
		{17B68D50-74C4-4778-B023-505038E8FD8F}.Debug|Any CPU.Build.0 = Debug|Any CPU
		{17B68D50-74C4-4778-B023-505038E8FD8F}.Release|Any CPU.ActiveCfg = Release|Any CPU
		{17B68D50-74C4-4778-B023-505038E8FD8F}.Release|Any CPU.Build.0 = Release|Any CPU
		{AF1652F3-6739-4E0E-B110-5F8CDA524E67}.Debug|Any CPU.ActiveCfg = Debug|Any CPU
		{AF1652F3-6739-4E0E-B110-5F8CDA524E67}.Debug|Any CPU.Build.0 = Debug|Any CPU
		{AF1652F3-6739-4E0E-B110-5F8CDA524E67}.Release|Any CPU.ActiveCfg = Release|Any CPU
		{AF1652F3-6739-4E0E-B110-5F8CDA524E67}.Release|Any CPU.Build.0 = Release|Any CPU
		{61DCF86D-1B64-4953-8CC0-EF0C2E738695}.Debug|Any CPU.ActiveCfg = Debug|Any CPU
		{61DCF86D-1B64-4953-8CC0-EF0C2E738695}.Debug|Any CPU.Build.0 = Debug|Any CPU
		{61DCF86D-1B64-4953-8CC0-EF0C2E738695}.Release|Any CPU.ActiveCfg = Release|Any CPU
		{61DCF86D-1B64-4953-8CC0-EF0C2E738695}.Release|Any CPU.Build.0 = Release|Any CPU
		{CAD28E58-A7CE-4833-8729-4088C3EC7E0D}.Debug|Any CPU.ActiveCfg = Debug|Any CPU
		{CAD28E58-A7CE-4833-8729-4088C3EC7E0D}.Debug|Any CPU.Build.0 = Debug|Any CPU
		{CAD28E58-A7CE-4833-8729-4088C3EC7E0D}.Release|Any CPU.ActiveCfg = Release|Any CPU
		{CAD28E58-A7CE-4833-8729-4088C3EC7E0D}.Release|Any CPU.Build.0 = Release|Any CPU
		{3AD7BFBC-03EC-4DB8-ADFE-1F2473268E93}.Debug|Any CPU.ActiveCfg = Debug|Any CPU
		{3AD7BFBC-03EC-4DB8-ADFE-1F2473268E93}.Debug|Any CPU.Build.0 = Debug|Any CPU
		{3AD7BFBC-03EC-4DB8-ADFE-1F2473268E93}.Release|Any CPU.ActiveCfg = Release|Any CPU
		{3AD7BFBC-03EC-4DB8-ADFE-1F2473268E93}.Release|Any CPU.Build.0 = Release|Any CPU
		{C2625F74-2B4C-44D9-B30A-59EEEB7E5A60}.Debug|Any CPU.ActiveCfg = Debug|Any CPU
		{C2625F74-2B4C-44D9-B30A-59EEEB7E5A60}.Debug|Any CPU.Build.0 = Debug|Any CPU
		{C2625F74-2B4C-44D9-B30A-59EEEB7E5A60}.Release|Any CPU.ActiveCfg = Release|Any CPU
		{C2625F74-2B4C-44D9-B30A-59EEEB7E5A60}.Release|Any CPU.Build.0 = Release|Any CPU
		{ACB2D532-5A6D-4D71-B292-59068C5E68EB}.Debug|Any CPU.ActiveCfg = Debug|Any CPU
		{ACB2D532-5A6D-4D71-B292-59068C5E68EB}.Debug|Any CPU.Build.0 = Debug|Any CPU
		{ACB2D532-5A6D-4D71-B292-59068C5E68EB}.Release|Any CPU.ActiveCfg = Release|Any CPU
		{ACB2D532-5A6D-4D71-B292-59068C5E68EB}.Release|Any CPU.Build.0 = Release|Any CPU
		{65B85532-C7BF-4196-BDEF-9FBDAB11328D}.Debug|Any CPU.ActiveCfg = Debug|Any CPU
		{65B85532-C7BF-4196-BDEF-9FBDAB11328D}.Debug|Any CPU.Build.0 = Debug|Any CPU
		{65B85532-C7BF-4196-BDEF-9FBDAB11328D}.Release|Any CPU.ActiveCfg = Release|Any CPU
		{65B85532-C7BF-4196-BDEF-9FBDAB11328D}.Release|Any CPU.Build.0 = Release|Any CPU
		{AB54D4A8-8122-41E2-BE5C-BDE97585D487}.Debug|Any CPU.ActiveCfg = Debug|Any CPU
		{AB54D4A8-8122-41E2-BE5C-BDE97585D487}.Debug|Any CPU.Build.0 = Debug|Any CPU
		{AB54D4A8-8122-41E2-BE5C-BDE97585D487}.Release|Any CPU.ActiveCfg = Release|Any CPU
		{AB54D4A8-8122-41E2-BE5C-BDE97585D487}.Release|Any CPU.Build.0 = Release|Any CPU
		{63EBE091-2DF7-4E3C-B585-E3E24A5FCBEC}.Debug|Any CPU.ActiveCfg = Debug|Any CPU
		{63EBE091-2DF7-4E3C-B585-E3E24A5FCBEC}.Debug|Any CPU.Build.0 = Debug|Any CPU
		{63EBE091-2DF7-4E3C-B585-E3E24A5FCBEC}.Release|Any CPU.ActiveCfg = Release|Any CPU
		{63EBE091-2DF7-4E3C-B585-E3E24A5FCBEC}.Release|Any CPU.Build.0 = Release|Any CPU
		{54CE6D6E-63A5-4C65-861E-2C8BF9443B33}.Debug|Any CPU.ActiveCfg = Debug|Any CPU
		{54CE6D6E-63A5-4C65-861E-2C8BF9443B33}.Debug|Any CPU.Build.0 = Debug|Any CPU
		{54CE6D6E-63A5-4C65-861E-2C8BF9443B33}.Release|Any CPU.ActiveCfg = Release|Any CPU
		{54CE6D6E-63A5-4C65-861E-2C8BF9443B33}.Release|Any CPU.Build.0 = Release|Any CPU
		{84EF3A4F-3CBC-4227-B127-318337E5EDD8}.Debug|Any CPU.ActiveCfg = Debug|Any CPU
		{84EF3A4F-3CBC-4227-B127-318337E5EDD8}.Debug|Any CPU.Build.0 = Debug|Any CPU
		{84EF3A4F-3CBC-4227-B127-318337E5EDD8}.Release|Any CPU.ActiveCfg = Release|Any CPU
		{84EF3A4F-3CBC-4227-B127-318337E5EDD8}.Release|Any CPU.Build.0 = Release|Any CPU
		{BBC8F598-E1EE-4019-A9AD-B06A974DCCEB}.Debug|Any CPU.ActiveCfg = Debug|Any CPU
		{BBC8F598-E1EE-4019-A9AD-B06A974DCCEB}.Debug|Any CPU.Build.0 = Debug|Any CPU
		{BBC8F598-E1EE-4019-A9AD-B06A974DCCEB}.Release|Any CPU.ActiveCfg = Release|Any CPU
		{BBC8F598-E1EE-4019-A9AD-B06A974DCCEB}.Release|Any CPU.Build.0 = Release|Any CPU
		{801C256D-22E0-4FEB-B1CF-EAD3B6BCD097}.Debug|Any CPU.ActiveCfg = Debug|Any CPU
		{801C256D-22E0-4FEB-B1CF-EAD3B6BCD097}.Debug|Any CPU.Build.0 = Debug|Any CPU
		{801C256D-22E0-4FEB-B1CF-EAD3B6BCD097}.Release|Any CPU.ActiveCfg = Release|Any CPU
		{801C256D-22E0-4FEB-B1CF-EAD3B6BCD097}.Release|Any CPU.Build.0 = Release|Any CPU
		{1B26FE7B-F52E-445C-8049-0E9B7786FA76}.Debug|Any CPU.ActiveCfg = Debug|Any CPU
		{1B26FE7B-F52E-445C-8049-0E9B7786FA76}.Debug|Any CPU.Build.0 = Debug|Any CPU
		{1B26FE7B-F52E-445C-8049-0E9B7786FA76}.Release|Any CPU.ActiveCfg = Release|Any CPU
		{1B26FE7B-F52E-445C-8049-0E9B7786FA76}.Release|Any CPU.Build.0 = Release|Any CPU
		{9F0AD6C6-81AD-44C0-B602-4ADECC165006}.Debug|Any CPU.ActiveCfg = Debug|Any CPU
		{9F0AD6C6-81AD-44C0-B602-4ADECC165006}.Debug|Any CPU.Build.0 = Debug|Any CPU
		{9F0AD6C6-81AD-44C0-B602-4ADECC165006}.Release|Any CPU.ActiveCfg = Release|Any CPU
		{9F0AD6C6-81AD-44C0-B602-4ADECC165006}.Release|Any CPU.Build.0 = Release|Any CPU
		{018B1A3E-78C3-411F-A794-11DFAD3CEDCC}.Debug|Any CPU.ActiveCfg = Debug|Any CPU
		{018B1A3E-78C3-411F-A794-11DFAD3CEDCC}.Debug|Any CPU.Build.0 = Debug|Any CPU
		{018B1A3E-78C3-411F-A794-11DFAD3CEDCC}.Release|Any CPU.ActiveCfg = Release|Any CPU
		{018B1A3E-78C3-411F-A794-11DFAD3CEDCC}.Release|Any CPU.Build.0 = Release|Any CPU
		{1ABB1D95-61E9-4BA4-966C-BB5A30CA995F}.Debug|Any CPU.ActiveCfg = Debug|Any CPU
		{1ABB1D95-61E9-4BA4-966C-BB5A30CA995F}.Debug|Any CPU.Build.0 = Debug|Any CPU
		{1ABB1D95-61E9-4BA4-966C-BB5A30CA995F}.Release|Any CPU.ActiveCfg = Release|Any CPU
		{1ABB1D95-61E9-4BA4-966C-BB5A30CA995F}.Release|Any CPU.Build.0 = Release|Any CPU
		{C48BBAF3-C845-4704-84AE-9254202F653E}.Debug|Any CPU.ActiveCfg = Debug|Any CPU
		{C48BBAF3-C845-4704-84AE-9254202F653E}.Debug|Any CPU.Build.0 = Debug|Any CPU
		{C48BBAF3-C845-4704-84AE-9254202F653E}.Release|Any CPU.ActiveCfg = Release|Any CPU
		{C48BBAF3-C845-4704-84AE-9254202F653E}.Release|Any CPU.Build.0 = Release|Any CPU
		{7043DBE7-F0A9-4D0F-BC5B-1A990BF184E5}.Debug|Any CPU.ActiveCfg = Debug|Any CPU
		{7043DBE7-F0A9-4D0F-BC5B-1A990BF184E5}.Debug|Any CPU.Build.0 = Debug|Any CPU
		{7043DBE7-F0A9-4D0F-BC5B-1A990BF184E5}.Release|Any CPU.ActiveCfg = Release|Any CPU
		{7043DBE7-F0A9-4D0F-BC5B-1A990BF184E5}.Release|Any CPU.Build.0 = Release|Any CPU
		{31F74F03-5F50-4596-84A5-493D1B445C8C}.Debug|Any CPU.ActiveCfg = Debug|Any CPU
		{31F74F03-5F50-4596-84A5-493D1B445C8C}.Debug|Any CPU.Build.0 = Debug|Any CPU
		{31F74F03-5F50-4596-84A5-493D1B445C8C}.Release|Any CPU.ActiveCfg = Release|Any CPU
		{31F74F03-5F50-4596-84A5-493D1B445C8C}.Release|Any CPU.Build.0 = Release|Any CPU
		{E9607CA0-1361-4F94-9F1D-8808066125B9}.Debug|Any CPU.ActiveCfg = Debug|Any CPU
		{E9607CA0-1361-4F94-9F1D-8808066125B9}.Debug|Any CPU.Build.0 = Debug|Any CPU
		{E9607CA0-1361-4F94-9F1D-8808066125B9}.Release|Any CPU.ActiveCfg = Release|Any CPU
		{E9607CA0-1361-4F94-9F1D-8808066125B9}.Release|Any CPU.Build.0 = Release|Any CPU
		{72A0E172-D259-459C-9B77-5273BCC8E4B9}.Debug|Any CPU.ActiveCfg = Debug|Any CPU
		{72A0E172-D259-459C-9B77-5273BCC8E4B9}.Debug|Any CPU.Build.0 = Debug|Any CPU
		{72A0E172-D259-459C-9B77-5273BCC8E4B9}.Release|Any CPU.ActiveCfg = Release|Any CPU
		{72A0E172-D259-459C-9B77-5273BCC8E4B9}.Release|Any CPU.Build.0 = Release|Any CPU
	EndGlobalSection
	GlobalSection(SolutionProperties) = preSolution
		HideSolutionNode = FALSE
	EndGlobalSection
	GlobalSection(NestedProjects) = preSolution
		{8F2A182C-4DAD-49AC-A3A6-3A6C9AFFCA86} = {4152B3C2-A0E7-4B88-AD44-71475FDE6971}
		{17B68D50-74C4-4778-B023-505038E8FD8F} = {4152B3C2-A0E7-4B88-AD44-71475FDE6971}
		{AF1652F3-6739-4E0E-B110-5F8CDA524E67} = {4152B3C2-A0E7-4B88-AD44-71475FDE6971}
		{61DCF86D-1B64-4953-8CC0-EF0C2E738695} = {29F7B99D-FDE5-4905-B493-B3ED54095ECA}
		{CAD28E58-A7CE-4833-8729-4088C3EC7E0D} = {29F7B99D-FDE5-4905-B493-B3ED54095ECA}
		{3AD7BFBC-03EC-4DB8-ADFE-1F2473268E93} = {29F7B99D-FDE5-4905-B493-B3ED54095ECA}
		{C2625F74-2B4C-44D9-B30A-59EEEB7E5A60} = {5371DFB7-00ED-44B0-AB8F-0ADC617A86CD}
		{ACB2D532-5A6D-4D71-B292-59068C5E68EB} = {5371DFB7-00ED-44B0-AB8F-0ADC617A86CD}
		{65B85532-C7BF-4196-BDEF-9FBDAB11328D} = {5371DFB7-00ED-44B0-AB8F-0ADC617A86CD}
		{AB54D4A8-8122-41E2-BE5C-BDE97585D487} = {5399583B-0EEB-4B71-892C-9CA158C8D9FB}
		{63EBE091-2DF7-4E3C-B585-E3E24A5FCBEC} = {5399583B-0EEB-4B71-892C-9CA158C8D9FB}
		{54CE6D6E-63A5-4C65-861E-2C8BF9443B33} = {5399583B-0EEB-4B71-892C-9CA158C8D9FB}
		{84EF3A4F-3CBC-4227-B127-318337E5EDD8} = {21FF38C8-573C-446D-86DF-CE06ACD86BFB}
		{BBC8F598-E1EE-4019-A9AD-B06A974DCCEB} = {21FF38C8-573C-446D-86DF-CE06ACD86BFB}
		{801C256D-22E0-4FEB-B1CF-EAD3B6BCD097} = {21FF38C8-573C-446D-86DF-CE06ACD86BFB}
		{1B26FE7B-F52E-445C-8049-0E9B7786FA76} = {441DF7B5-9584-4B30-A9B0-11E46DCF8AF2}
		{9F0AD6C6-81AD-44C0-B602-4ADECC165006} = {441DF7B5-9584-4B30-A9B0-11E46DCF8AF2}
		{018B1A3E-78C3-411F-A794-11DFAD3CEDCC} = {441DF7B5-9584-4B30-A9B0-11E46DCF8AF2}
		{1ABB1D95-61E9-4BA4-966C-BB5A30CA995F} = {B87B442B-AD7B-4E04-BC54-8CF22AF5B36B}
		{C48BBAF3-C845-4704-84AE-9254202F653E} = {B87B442B-AD7B-4E04-BC54-8CF22AF5B36B}
		{7043DBE7-F0A9-4D0F-BC5B-1A990BF184E5} = {B87B442B-AD7B-4E04-BC54-8CF22AF5B36B}
		{31F74F03-5F50-4596-84A5-493D1B445C8C} = {84313B31-8FE2-492F-A145-976BF31A990D}
		{E9607CA0-1361-4F94-9F1D-8808066125B9} = {84313B31-8FE2-492F-A145-976BF31A990D}
		{72A0E172-D259-459C-9B77-5273BCC8E4B9} = {84313B31-8FE2-492F-A145-976BF31A990D}
	EndGlobalSection
EndGlobal
